
Microsoft Visual Studio Solution File, Format Version 12.00
# Visual Studio Version 16
VisualStudioVersion = 16.0.35826.135
MinimumVisualStudioVersion = 10.0.40219.1
Project("{FAE04EC0-301F-11D3-BF4B-00C04F79EFBC}") = "Var18", "Var18\Var18.csproj", "{8FC141AC-E4C5-4813-9BF1-46ACEA62A396}"
EndProject
Global
	GlobalSection(SolutionConfigurationPlatforms) = preSolution
		Debug|Any CPU = Debug|Any CPU
		Release|Any CPU = Release|Any CPU
	EndGlobalSection
	GlobalSection(ProjectConfigurationPlatforms) = postSolution
		{8FC141AC-E4C5-4813-9BF1-46ACEA62A396}.Debug|Any CPU.ActiveCfg = Debug|Any CPU
		{8FC141AC-E4C5-4813-9BF1-46ACEA62A396}.Debug|Any CPU.Build.0 = Debug|Any CPU
		{8FC141AC-E4C5-4813-9BF1-46ACEA62A396}.Release|Any CPU.ActiveCfg = Release|Any CPU
		{8FC141AC-E4C5-4813-9BF1-46ACEA62A396}.Release|Any CPU.Build.0 = Release|Any CPU
	EndGlobalSection
	GlobalSection(SolutionProperties) = preSolution
		HideSolutionNode = FALSE
	EndGlobalSection
	GlobalSection(ExtensibilityGlobals) = postSolution
		SolutionGuid = {01D6290F-87D2-403A-A383-8094425BB1AC}
	EndGlobalSection
EndGlobal
